Microsoft Visual Studio Solution File, Format Version 12.00
# Visual Studio Version 16
VisualStudioVersion = 16.0.30717.126
MinimumVisualStudioVersion = 15.0.26124.0
Project("{9A19103F-16F7-4668-BE54-9A1E7A4F7556}") = "Day01", "Day01\Day01.csproj", "{5D844806-0EE8-48BB-8BAF-29D457C63E20}"
EndProject
Project("{9A19103F-16F7-4668-BE54-9A1E7A4F7556}") = "Day02", "Day02\Day02.csproj", "{FE666A97-2ABC-4504-A71B-1B83931C524C}"
EndProject
Project("{9A19103F-16F7-4668-BE54-9A1E7A4F7556}") = "Day03", "Day03\Day03.csproj", "{87C0C3D3-B2FA-4F17-A46D-68264FD28A09}"
EndProject
Project("{9A19103F-16F7-4668-BE54-9A1E7A4F7556}") = "Day04", "Day04\Day04.csproj", "{E0237C16-F2F5-44CF-88BD-1F1466E49F34}"
EndProject
Project("{9A19103F-16F7-4668-BE54-9A1E7A4F7556}") = "Day05", "Day05\Day05.csproj", "{15795A56-DA40-4CCA-B921-6AA62E17FC3A}"
EndProject
Project("{9A19103F-16F7-4668-BE54-9A1E7A4F7556}") = "Day06", "Day06\Day06.csproj", "{1592A9FB-8FB2-4BAD-BA3B-97A9F5CEDB1A}"
EndProject
Project("{9A19103F-16F7-4668-BE54-9A1E7A4F7556}") = "Day07", "Day07\Day07.csproj", "{7A56458D-46FF-48F7-916A-AAE66D75CC8B}"
EndProject
Project("{9A19103F-16F7-4668-BE54-9A1E7A4F7556}") = "Day08", "Day08\Day08.csproj", "{4C2A28C4-4B72-401A-B478-9AE40374A33D}"
EndProject
Project("{9A19103F-16F7-4668-BE54-9A1E7A4F7556}") = "Day09", "Day09\Day09.csproj", "{CC2D9F64-8C21-490E-9104-F667EFA3C690}"
EndProject
Project("{FAE04EC0-301F-11D3-BF4B-00C04F79EFBC}") = "Day10", "Day10\Day10.csproj", "{758BFBC9-F99B-4E32-A9BA-621222752AD7}"
EndProject
Project("{FAE04EC0-301F-11D3-BF4B-00C04F79EFBC}") = "Day11", "Day11\Day11.csproj", "{83723E4D-3227-4E27-940A-1F53FA36EE68}"
EndProject
Project("{FAE04EC0-301F-11D3-BF4B-00C04F79EFBC}") = "Day13", "Day12\Day13.csproj", "{7833AB4D-A0F0-4E62-8631-C51D18D98F49}"
EndProject
Global
	GlobalSection(SolutionConfigurationPlatforms) = preSolution
		Debug|Any CPU = Debug|Any CPU
		Debug|x64 = Debug|x64
		Debug|x86 = Debug|x86
		Release|Any CPU = Release|Any CPU
		Release|x64 = Release|x64
		Release|x86 = Release|x86
	EndGlobalSection
	GlobalSection(ProjectConfigurationPlatforms) = postSolution
		{5D844806-0EE8-48BB-8BAF-29D457C63E20}.Debug|Any CPU.ActiveCfg = Debug|Any CPU
		{5D844806-0EE8-48BB-8BAF-29D457C63E20}.Debug|Any CPU.Build.0 = Debug|Any CPU
		{5D844806-0EE8-48BB-8BAF-29D457C63E20}.Debug|x64.ActiveCfg = Debug|Any CPU
		{5D844806-0EE8-48BB-8BAF-29D457C63E20}.Debug|x64.Build.0 = Debug|Any CPU
		{5D844806-0EE8-48BB-8BAF-29D457C63E20}.Debug|x86.ActiveCfg = Debug|Any CPU
		{5D844806-0EE8-48BB-8BAF-29D457C63E20}.Debug|x86.Build.0 = Debug|Any CPU
		{5D844806-0EE8-48BB-8BAF-29D457C63E20}.Release|Any CPU.ActiveCfg = Release|Any CPU
		{5D844806-0EE8-48BB-8BAF-29D457C63E20}.Release|Any CPU.Build.0 = Release|Any CPU
		{5D844806-0EE8-48BB-8BAF-29D457C63E20}.Release|x64.ActiveCfg = Release|Any CPU
		{5D844806-0EE8-48BB-8BAF-29D457C63E20}.Release|x64.Build.0 = Release|Any CPU
		{5D844806-0EE8-48BB-8BAF-29D457C63E20}.Release|x86.ActiveCfg = Release|Any CPU
		{5D844806-0EE8-48BB-8BAF-29D457C63E20}.Release|x86.Build.0 = Release|Any CPU
		{FE666A97-2ABC-4504-A71B-1B83931C524C}.Debug|Any CPU.ActiveCfg = Debug|Any CPU
		{FE666A97-2ABC-4504-A71B-1B83931C524C}.Debug|Any CPU.Build.0 = Debug|Any CPU
		{FE666A97-2ABC-4504-A71B-1B83931C524C}.Debug|x64.ActiveCfg = Debug|Any CPU
		{FE666A97-2ABC-4504-A71B-1B83931C524C}.Debug|x64.Build.0 = Debug|Any CPU
		{FE666A97-2ABC-4504-A71B-1B83931C524C}.Debug|x86.ActiveCfg = Debug|Any CPU
		{FE666A97-2ABC-4504-A71B-1B83931C524C}.Debug|x86.Build.0 = Debug|Any CPU
		{FE666A97-2ABC-4504-A71B-1B83931C524C}.Release|Any CPU.ActiveCfg = Release|Any CPU
		{FE666A97-2ABC-4504-A71B-1B83931C524C}.Release|Any CPU.Build.0 = Release|Any CPU
		{FE666A97-2ABC-4504-A71B-1B83931C524C}.Release|x64.ActiveCfg = Release|Any CPU
		{FE666A97-2ABC-4504-A71B-1B83931C524C}.Release|x64.Build.0 = Release|Any CPU
		{FE666A97-2ABC-4504-A71B-1B83931C524C}.Release|x86.ActiveCfg = Release|Any CPU
		{FE666A97-2ABC-4504-A71B-1B83931C524C}.Release|x86.Build.0 = Release|Any CPU
		{87C0C3D3-B2FA-4F17-A46D-68264FD28A09}.Debug|Any CPU.ActiveCfg = Debug|Any CPU
		{87C0C3D3-B2FA-4F17-A46D-68264FD28A09}.Debug|Any CPU.Build.0 = Debug|Any CPU
		{87C0C3D3-B2FA-4F17-A46D-68264FD28A09}.Debug|x64.ActiveCfg = Debug|Any CPU
		{87C0C3D3-B2FA-4F17-A46D-68264FD28A09}.Debug|x64.Build.0 = Debug|Any CPU
		{87C0C3D3-B2FA-4F17-A46D-68264FD28A09}.Debug|x86.ActiveCfg = Debug|Any CPU
		{87C0C3D3-B2FA-4F17-A46D-68264FD28A09}.Debug|x86.Build.0 = Debug|Any CPU
		{87C0C3D3-B2FA-4F17-A46D-68264FD28A09}.Release|Any CPU.ActiveCfg = Release|Any CPU
		{87C0C3D3-B2FA-4F17-A46D-68264FD28A09}.Release|Any CPU.Build.0 = Release|Any CPU
		{87C0C3D3-B2FA-4F17-A46D-68264FD28A09}.Release|x64.ActiveCfg = Release|Any CPU
		{87C0C3D3-B2FA-4F17-A46D-68264FD28A09}.Release|x64.Build.0 = Release|Any CPU
		{87C0C3D3-B2FA-4F17-A46D-68264FD28A09}.Release|x86.ActiveCfg = Release|Any CPU
		{87C0C3D3-B2FA-4F17-A46D-68264FD28A09}.Release|x86.Build.0 = Release|Any CPU
		{E0237C16-F2F5-44CF-88BD-1F1466E49F34}.Debug|Any CPU.ActiveCfg = Debug|Any CPU
		{E0237C16-F2F5-44CF-88BD-1F1466E49F34}.Debug|Any CPU.Build.0 = Debug|Any CPU
		{E0237C16-F2F5-44CF-88BD-1F1466E49F34}.Debug|x64.ActiveCfg = Debug|Any CPU
		{E0237C16-F2F5-44CF-88BD-1F1466E49F34}.Debug|x64.Build.0 = Debug|Any CPU
		{E0237C16-F2F5-44CF-88BD-1F1466E49F34}.Debug|x86.ActiveCfg = Debug|Any CPU
		{E0237C16-F2F5-44CF-88BD-1F1466E49F34}.Debug|x86.Build.0 = Debug|Any CPU
		{E0237C16-F2F5-44CF-88BD-1F1466E49F34}.Release|Any CPU.ActiveCfg = Release|Any CPU
		{E0237C16-F2F5-44CF-88BD-1F1466E49F34}.Release|Any CPU.Build.0 = Release|Any CPU
		{E0237C16-F2F5-44CF-88BD-1F1466E49F34}.Release|x64.ActiveCfg = Release|Any CPU
		{E0237C16-F2F5-44CF-88BD-1F1466E49F34}.Release|x64.Build.0 = Release|Any CPU
		{E0237C16-F2F5-44CF-88BD-1F1466E49F34}.Release|x86.ActiveCfg = Release|Any CPU
		{E0237C16-F2F5-44CF-88BD-1F1466E49F34}.Release|x86.Build.0 = Release|Any CPU
		{15795A56-DA40-4CCA-B921-6AA62E17FC3A}.Debug|Any CPU.ActiveCfg = Debug|Any CPU
		{15795A56-DA40-4CCA-B921-6AA62E17FC3A}.Debug|Any CPU.Build.0 = Debug|Any CPU
		{15795A56-DA40-4CCA-B921-6AA62E17FC3A}.Debug|x64.ActiveCfg = Debug|Any CPU
		{15795A56-DA40-4CCA-B921-6AA62E17FC3A}.Debug|x64.Build.0 = Debug|Any CPU
		{15795A56-DA40-4CCA-B921-6AA62E17FC3A}.Debug|x86.ActiveCfg = Debug|Any CPU
		{15795A56-DA40-4CCA-B921-6AA62E17FC3A}.Debug|x86.Build.0 = Debug|Any CPU
		{15795A56-DA40-4CCA-B921-6AA62E17FC3A}.Release|Any CPU.ActiveCfg = Release|Any CPU
		{15795A56-DA40-4CCA-B921-6AA62E17FC3A}.Release|Any CPU.Build.0 = Release|Any CPU
		{15795A56-DA40-4CCA-B921-6AA62E17FC3A}.Release|x64.ActiveCfg = Release|Any CPU
		{15795A56-DA40-4CCA-B921-6AA62E17FC3A}.Release|x64.Build.0 = Release|Any CPU
		{15795A56-DA40-4CCA-B921-6AA62E17FC3A}.Release|x86.ActiveCfg = Release|Any CPU
		{15795A56-DA40-4CCA-B921-6AA62E17FC3A}.Release|x86.Build.0 = Release|Any CPU
		{1592A9FB-8FB2-4BAD-BA3B-97A9F5CEDB1A}.Debug|Any CPU.ActiveCfg = Debug|Any CPU
		{1592A9FB-8FB2-4BAD-BA3B-97A9F5CEDB1A}.Debug|Any CPU.Build.0 = Debug|Any CPU
		{1592A9FB-8FB2-4BAD-BA3B-97A9F5CEDB1A}.Debug|x64.ActiveCfg = Debug|Any CPU
		{1592A9FB-8FB2-4BAD-BA3B-97A9F5CEDB1A}.Debug|x64.Build.0 = Debug|Any CPU
		{1592A9FB-8FB2-4BAD-BA3B-97A9F5CEDB1A}.Debug|x86.ActiveCfg = Debug|Any CPU
		{1592A9FB-8FB2-4BAD-BA3B-97A9F5CEDB1A}.Debug|x86.Build.0 = Debug|Any CPU
		{1592A9FB-8FB2-4BAD-BA3B-97A9F5CEDB1A}.Release|Any CPU.ActiveCfg = Release|Any CPU
		{1592A9FB-8FB2-4BAD-BA3B-97A9F5CEDB1A}.Release|Any CPU.Build.0 = Release|Any CPU
		{1592A9FB-8FB2-4BAD-BA3B-97A9F5CEDB1A}.Release|x64.ActiveCfg = Release|Any CPU
		{1592A9FB-8FB2-4BAD-BA3B-97A9F5CEDB1A}.Release|x64.Build.0 = Release|Any CPU
		{1592A9FB-8FB2-4BAD-BA3B-97A9F5CEDB1A}.Release|x86.ActiveCfg = Release|Any CPU
		{1592A9FB-8FB2-4BAD-BA3B-97A9F5CEDB1A}.Release|x86.Build.0 = Release|Any CPU
		{7A56458D-46FF-48F7-916A-AAE66D75CC8B}.Debug|Any CPU.ActiveCfg = Debug|Any CPU
		{7A56458D-46FF-48F7-916A-AAE66D75CC8B}.Debug|Any CPU.Build.0 = Debug|Any CPU
		{7A56458D-46FF-48F7-916A-AAE66D75CC8B}.Debug|x64.ActiveCfg = Debug|Any CPU
		{7A56458D-46FF-48F7-916A-AAE66D75CC8B}.Debug|x64.Build.0 = Debug|Any CPU
		{7A56458D-46FF-48F7-916A-AAE66D75CC8B}.Debug|x86.ActiveCfg = Debug|Any CPU
		{7A56458D-46FF-48F7-916A-AAE66D75CC8B}.Debug|x86.Build.0 = Debug|Any CPU
		{7A56458D-46FF-48F7-916A-AAE66D75CC8B}.Release|Any CPU.ActiveCfg = Release|Any CPU
		{7A56458D-46FF-48F7-916A-AAE66D75CC8B}.Release|Any CPU.Build.0 = Release|Any CPU
		{7A56458D-46FF-48F7-916A-AAE66D75CC8B}.Release|x64.ActiveCfg = Release|Any CPU
		{7A56458D-46FF-48F7-916A-AAE66D75CC8B}.Release|x64.Build.0 = Release|Any CPU
		{7A56458D-46FF-48F7-916A-AAE66D75CC8B}.Release|x86.ActiveCfg = Release|Any CPU
		{7A56458D-46FF-48F7-916A-AAE66D75CC8B}.Release|x86.Build.0 = Release|Any CPU
		{4C2A28C4-4B72-401A-B478-9AE40374A33D}.Debug|Any CPU.ActiveCfg = Debug|Any CPU
		{4C2A28C4-4B72-401A-B478-9AE40374A33D}.Debug|Any CPU.Build.0 = Debug|Any CPU
		{4C2A28C4-4B72-401A-B478-9AE40374A33D}.Debug|x64.ActiveCfg = Debug|Any CPU
		{4C2A28C4-4B72-401A-B478-9AE40374A33D}.Debug|x64.Build.0 = Debug|Any CPU
		{4C2A28C4-4B72-401A-B478-9AE40374A33D}.Debug|x86.ActiveCfg = Debug|Any CPU
		{4C2A28C4-4B72-401A-B478-9AE40374A33D}.Debug|x86.Build.0 = Debug|Any CPU
		{4C2A28C4-4B72-401A-B478-9AE40374A33D}.Release|Any CPU.ActiveCfg = Release|Any CPU
		{4C2A28C4-4B72-401A-B478-9AE40374A33D}.Release|Any CPU.Build.0 = Release|Any CPU
		{4C2A28C4-4B72-401A-B478-9AE40374A33D}.Release|x64.ActiveCfg = Release|Any CPU
		{4C2A28C4-4B72-401A-B478-9AE40374A33D}.Release|x64.Build.0 = Release|Any CPU
		{4C2A28C4-4B72-401A-B478-9AE40374A33D}.Release|x86.ActiveCfg = Release|Any CPU
		{4C2A28C4-4B72-401A-B478-9AE40374A33D}.Release|x86.Build.0 = Release|Any CPU
		{CC2D9F64-8C21-490E-9104-F667EFA3C690}.Debug|Any CPU.ActiveCfg = Debug|Any CPU
		{CC2D9F64-8C21-490E-9104-F667EFA3C690}.Debug|Any CPU.Build.0 = Debug|Any CPU
		{CC2D9F64-8C21-490E-9104-F667EFA3C690}.Debug|x64.ActiveCfg = Debug|Any CPU
		{CC2D9F64-8C21-490E-9104-F667EFA3C690}.Debug|x64.Build.0 = Debug|Any CPU
		{CC2D9F64-8C21-490E-9104-F667EFA3C690}.Debug|x86.ActiveCfg = Debug|Any CPU
		{CC2D9F64-8C21-490E-9104-F667EFA3C690}.Debug|x86.Build.0 = Debug|Any CPU
		{CC2D9F64-8C21-490E-9104-F667EFA3C690}.Release|Any CPU.ActiveCfg = Release|Any CPU
		{CC2D9F64-8C21-490E-9104-F667EFA3C690}.Release|Any CPU.Build.0 = Release|Any CPU
		{CC2D9F64-8C21-490E-9104-F667EFA3C690}.Release|x64.ActiveCfg = Release|Any CPU
		{CC2D9F64-8C21-490E-9104-F667EFA3C690}.Release|x64.Build.0 = Release|Any CPU
		{CC2D9F64-8C21-490E-9104-F667EFA3C690}.Release|x86.ActiveCfg = Release|Any CPU
		{CC2D9F64-8C21-490E-9104-F667EFA3C690}.Release|x86.Build.0 = Release|Any CPU
		{758BFBC9-F99B-4E32-A9BA-621222752AD7}.Debug|Any CPU.ActiveCfg = Debug|Any CPU
		{758BFBC9-F99B-4E32-A9BA-621222752AD7}.Debug|Any CPU.Build.0 = Debug|Any CPU
		{758BFBC9-F99B-4E32-A9BA-621222752AD7}.Debug|x64.ActiveCfg = Debug|Any CPU
		{758BFBC9-F99B-4E32-A9BA-621222752AD7}.Debug|x64.Build.0 = Debug|Any CPU
		{758BFBC9-F99B-4E32-A9BA-621222752AD7}.Debug|x86.ActiveCfg = Debug|Any CPU
		{758BFBC9-F99B-4E32-A9BA-621222752AD7}.Debug|x86.Build.0 = Debug|Any CPU
		{758BFBC9-F99B-4E32-A9BA-621222752AD7}.Release|Any CPU.ActiveCfg = Release|Any CPU
		{758BFBC9-F99B-4E32-A9BA-621222752AD7}.Release|Any CPU.Build.0 = Release|Any CPU
		{758BFBC9-F99B-4E32-A9BA-621222752AD7}.Release|x64.ActiveCfg = Release|Any CPU
		{758BFBC9-F99B-4E32-A9BA-621222752AD7}.Release|x64.Build.0 = Release|Any CPU
		{758BFBC9-F99B-4E32-A9BA-621222752AD7}.Release|x86.ActiveCfg = Release|Any CPU
		{758BFBC9-F99B-4E32-A9BA-621222752AD7}.Release|x86.Build.0 = Release|Any CPU
		{83723E4D-3227-4E27-940A-1F53FA36EE68}.Debug|Any CPU.ActiveCfg = Debug|Any CPU
		{83723E4D-3227-4E27-940A-1F53FA36EE68}.Debug|Any CPU.Build.0 = Debug|Any CPU
		{83723E4D-3227-4E27-940A-1F53FA36EE68}.Debug|x64.ActiveCfg = Debug|Any CPU
		{83723E4D-3227-4E27-940A-1F53FA36EE68}.Debug|x64.Build.0 = Debug|Any CPU
		{83723E4D-3227-4E27-940A-1F53FA36EE68}.Debug|x86.ActiveCfg = Debug|Any CPU
		{83723E4D-3227-4E27-940A-1F53FA36EE68}.Debug|x86.Build.0 = Debug|Any CPU
		{83723E4D-3227-4E27-940A-1F53FA36EE68}.Release|Any CPU.ActiveCfg = Release|Any CPU
		{83723E4D-3227-4E27-940A-1F53FA36EE68}.Release|Any CPU.Build.0 = Release|Any CPU
		{83723E4D-3227-4E27-940A-1F53FA36EE68}.Release|x64.ActiveCfg = Release|Any CPU
		{83723E4D-3227-4E27-940A-1F53FA36EE68}.Release|x64.Build.0 = Release|Any CPU
		{83723E4D-3227-4E27-940A-1F53FA36EE68}.Release|x86.ActiveCfg = Release|Any CPU
		{83723E4D-3227-4E27-940A-1F53FA36EE68}.Release|x86.Build.0 = Release|Any CPU
		{7833AB4D-A0F0-4E62-8631-C51D18D98F49}.Debug|Any CPU.ActiveCfg = Debug|Any CPU
		{7833AB4D-A0F0-4E62-8631-C51D18D98F49}.Debug|Any CPU.Build.0 = Debug|Any CPU
		{7833AB4D-A0F0-4E62-8631-C51D18D98F49}.Debug|x64.ActiveCfg = Debug|Any CPU
		{7833AB4D-A0F0-4E62-8631-C51D18D98F49}.Debug|x64.Build.0 = Debug|Any CPU
		{7833AB4D-A0F0-4E62-8631-C51D18D98F49}.Debug|x86.ActiveCfg = Debug|Any CPU
		{7833AB4D-A0F0-4E62-8631-C51D18D98F49}.Debug|x86.Build.0 = Debug|Any CPU
		{7833AB4D-A0F0-4E62-8631-C51D18D98F49}.Release|Any CPU.ActiveCfg = Release|Any CPU
		{7833AB4D-A0F0-4E62-8631-C51D18D98F49}.Release|Any CPU.Build.0 = Release|Any CPU
		{7833AB4D-A0F0-4E62-8631-C51D18D98F49}.Release|x64.ActiveCfg = Release|Any CPU
		{7833AB4D-A0F0-4E62-8631-C51D18D98F49}.Release|x64.Build.0 = Release|Any CPU
		{7833AB4D-A0F0-4E62-8631-C51D18D98F49}.Release|x86.ActiveCfg = Release|Any CPU
		{7833AB4D-A0F0-4E62-8631-C51D18D98F49}.Release|x86.Build.0 = Release|Any CPU
	EndGlobalSection
	GlobalSection(SolutionProperties) = preSolution
		HideSolutionNode = FALSE
	EndGlobalSection
	GlobalSection(ExtensibilityGlobals) = postSolution
		SolutionGuid = {B013645F-221D-4A8A-AD2C-2E27330CEE0D}
	EndGlobalSection
EndGlobal
